
Microsoft Visual Studio Solution File, Format Version 12.00
# Visual Studio 15
VisualStudioVersion = 15.0.26430.15
MinimumVisualStudioVersion = 10.0.40219.1
Project("{FAE04EC0-301F-11D3-BF4B-00C04F79EFBC}") = "BDF.Core", "BDF.Core\BDF.Core.csproj", "{493A6105-1C3E-4111-9BB0-CBFEA2F1BD02}"
EndProject
Project("{FAE04EC0-301F-11D3-BF4B-00C04F79EFBC}") = "BDF.Droid", "BDF.Droid\BDF.Droid.csproj", "{ECB89990-9F80-4BC8-9C78-B6652FECF40F}"
EndProject
Project("{FAE04EC0-301F-11D3-BF4B-00C04F79EFBC}") = "BDF.API", "BDF.API\BDF.API.csproj", "{703203C7-7434-4107-892B-A7804A7ABB4C}"
EndProject
Global
	GlobalSection(SolutionConfigurationPlatforms) = preSolution
		Debug|Any CPU = Debug|Any CPU
		Release|Any CPU = Release|Any CPU
	EndGlobalSection
	GlobalSection(ProjectConfigurationPlatforms) = postSolution
		{493A6105-1C3E-4111-9BB0-CBFEA2F1BD02}.Debug|Any CPU.ActiveCfg = Debug|Any CPU
		{493A6105-1C3E-4111-9BB0-CBFEA2F1BD02}.Debug|Any CPU.Build.0 = Debug|Any CPU
		{493A6105-1C3E-4111-9BB0-CBFEA2F1BD02}.Release|Any CPU.ActiveCfg = Release|Any CPU
		{493A6105-1C3E-4111-9BB0-CBFEA2F1BD02}.Release|Any CPU.Build.0 = Release|Any CPU
		{ECB89990-9F80-4BC8-9C78-B6652FECF40F}.Debug|Any CPU.ActiveCfg = Debug|Any CPU
		{ECB89990-9F80-4BC8-9C78-B6652FECF40F}.Debug|Any CPU.Build.0 = Debug|Any CPU
		{ECB89990-9F80-4BC8-9C78-B6652FECF40F}.Debug|Any CPU.Deploy.0 = Debug|Any CPU
		{ECB89990-9F80-4BC8-9C78-B6652FECF40F}.Release|Any CPU.ActiveCfg = Release|Any CPU
		{ECB89990-9F80-4BC8-9C78-B6652FECF40F}.Release|Any CPU.Build.0 = Release|Any CPU
		{ECB89990-9F80-4BC8-9C78-B6652FECF40F}.Release|Any CPU.Deploy.0 = Release|Any CPU
		{703203C7-7434-4107-892B-A7804A7ABB4C}.Debug|Any CPU.ActiveCfg = Debug|Any CPU
		{703203C7-7434-4107-892B-A7804A7ABB4C}.Debug|Any CPU.Build.0 = Debug|Any CPU
		{703203C7-7434-4107-892B-A7804A7ABB4C}.Release|Any CPU.ActiveCfg = Release|Any CPU
		{703203C7-7434-4107-892B-A7804A7ABB4C}.Release|Any CPU.Build.0 = Release|Any CPU
	EndGlobalSection
	GlobalSection(SolutionProperties) = preSolution
		HideSolutionNode = FALSE
	EndGlobalSection
EndGlobal
